
Microsoft Visual Studio Solution File, Format Version 12.00
# Visual Studio Version 16
VisualStudioVersion = 16.0.31702.278
MinimumVisualStudioVersion = 10.0.40219.1
Project("{FAE04EC0-301F-11D3-BF4B-00C04F79EFBC}") = "21-22NBAStats", "21-22NBAStats.csproj", "{95F4D0E8-71C7-4FC5-8D0C-A1A79798B7D7}"
EndProject
Project("{FAE04EC0-301F-11D3-BF4B-00C04F79EFBC}") = "NBAStatsData", "NBAStatsData\NBAStatsData.csproj", "{1A05A9F8-5CC4-4F36-9606-7800DC9FDDC6}"
EndProject
Project("{FAE04EC0-301F-11D3-BF4B-00C04F79EFBC}") = "DataAccess", "DataAccess\DataAccess.csproj", "{A5AC459D-6C0A-4D6E-AD65-ECB3E0FEC3A7}"
EndProject
Global
	GlobalSection(SolutionConfigurationPlatforms) = preSolution
		Debug|Any CPU = Debug|Any CPU
		Release|Any CPU = Release|Any CPU
	EndGlobalSection
	GlobalSection(ProjectConfigurationPlatforms) = postSolution
		{95F4D0E8-71C7-4FC5-8D0C-A1A79798B7D7}.Debug|Any CPU.ActiveCfg = Debug|Any CPU
		{95F4D0E8-71C7-4FC5-8D0C-A1A79798B7D7}.Debug|Any CPU.Build.0 = Debug|Any CPU
		{95F4D0E8-71C7-4FC5-8D0C-A1A79798B7D7}.Release|Any CPU.ActiveCfg = Release|Any CPU
		{95F4D0E8-71C7-4FC5-8D0C-A1A79798B7D7}.Release|Any CPU.Build.0 = Release|Any CPU
		{1A05A9F8-5CC4-4F36-9606-7800DC9FDDC6}.Debug|Any CPU.ActiveCfg = Debug|Any CPU
		{1A05A9F8-5CC4-4F36-9606-7800DC9FDDC6}.Debug|Any CPU.Build.0 = Debug|Any CPU
		{1A05A9F8-5CC4-4F36-9606-7800DC9FDDC6}.Release|Any CPU.ActiveCfg = Release|Any CPU
		{1A05A9F8-5CC4-4F36-9606-7800DC9FDDC6}.Release|Any CPU.Build.0 = Release|Any CPU
		{A5AC459D-6C0A-4D6E-AD65-ECB3E0FEC3A7}.Debug|Any CPU.ActiveCfg = Debug|Any CPU
		{A5AC459D-6C0A-4D6E-AD65-ECB3E0FEC3A7}.Debug|Any CPU.Build.0 = Debug|Any CPU
		{A5AC459D-6C0A-4D6E-AD65-ECB3E0FEC3A7}.Release|Any CPU.ActiveCfg = Release|Any CPU
		{A5AC459D-6C0A-4D6E-AD65-ECB3E0FEC3A7}.Release|Any CPU.Build.0 = Release|Any CPU
	EndGlobalSection
	GlobalSection(SolutionProperties) = preSolution
		HideSolutionNode = FALSE
	EndGlobalSection
	GlobalSection(ExtensibilityGlobals) = postSolution
		SolutionGuid = {C726BB01-683D-4B70-AB0D-B82F0BD108EC}
	EndGlobalSection
EndGlobal
